# THIS IS AN AUTOGENERATED FILE. DO NOT EDIT THIS FILE DIRECTLY.
# yarn lockfile v1


single-spa@^6.0.3:
  version "6.0.3"
  resolved "https://registry.yarnpkg.com/single-spa/-/single-spa-6.0.3.tgz#030c1b4a1dab80d29da858d93361d49127371a3b"
  integrity sha512-pXlwHXHhs3hx/MnGQHBLdFCVAN2rlm9TLBKazbDMyZ25QRxoen2vlUZ47MyXKa9K8Gd5UZs/gkuQad4TGbViwg==
